{
    "_meta": {
        "hash": {
            "sha256": "ae0fd3f065adef12576aa937db3c94700a4456ff38cc307c9f017a55f8cd5f39"
        },
        "pipfile-spec": 6,
        "requires": {
            "python_version": "3.6"
        },
        "sources": [
            {
                "name": "pypi",
                "url": "https://pypi.org/simple",
                "verify_ssl": true
            }
        ]
    },
    "default": {
        "alembic": {
            "hashes": [
                "sha256:9f907d7e8b286a1cfb22db9084f9ce4fde7ad7956bb496dc7c952e10ac90e36a"
            ],
            "version": "==1.2.1"
        },
        "banal": {
            "hashes": [
                "sha256:1a9aaa9f3925f2e7a8aba8cd55dccba9163cbec89fa324d6326313bcc138c221",
                "sha256:491947e79c4c4b1e710a97f7e3885d4fd4e23b1f4fa1da022965fd63116beed7"
            ],
            "version": "==0.4.2"
        },
        "certifi": {
            "hashes": [
                "sha256:e4f3620cfea4f83eedc95b24abd9cd56f3c4b146dd0177e83a21b4eb49e21e50",
                "sha256:fd7c7c74727ddcf00e9acd26bba8da604ffec95bf1c2144e67aff7a8b50e6cef"
            ],
            "version": "==2019.9.11"
        },
        "chardet": {
            "hashes": [
                "sha256:84ab92ed1c4d4f16916e05906b6b75a6c0fb5db821cc65e70cbd64a3e2a5eaae",
                "sha256:fc323ffcaeaed0e0a02bf4d117757b98aed530d9ed4531e3e15460124c106691"
            ],
            "version": "==3.0.4"
        },
        "coreapi": {
            "hashes": [
                "sha256:46145fcc1f7017c076a2ef684969b641d18a2991051fddec9458ad3f78ffc1cb",
                "sha256:bf39d118d6d3e171f10df9ede5666f63ad80bba9a29a8ec17726a66cf52ee6f3"
            ],
            "index": "pypi",
            "version": "==2.3.3"
        },
        "coreschema": {
            "hashes": [
                "sha256:5e6ef7bf38c1525d5e55a895934ab4273548629f16aed5c0a6caa74ebf45551f",
                "sha256:9503506007d482ab0867ba14724b93c18a33b22b6d19fb419ef2d239dd4a1607"
            ],
            "version": "==0.0.4"
        },
        "cython": {
            "hashes": [
                "sha256:07efba7b32c082c519b75e3b03821c2f32848e2b3e9986c784bbd8ffaf0666d7",
                "sha256:08db41daf18fabf7b7a85e39aa26954f6246994540043194af026c0df65a4942",
                "sha256:19bbe3caf885a1d2e2c30eacc10d1e45dbbefb156493fe1d5d1adc1668cc1269",
                "sha256:1c574f2f2ba760b82b2bcf6262e77e75589247dc5ef796a3ff1b2213e50ee452",
                "sha256:1dfe672c686e34598bdbaa93c3b30acb3720ae9258232a4f68ba04ee9969063d",
                "sha256:283faea84e6c4e54c3f5c8ff89aa2b6c1c3a813aad4f6d48ed3b9cc9043ef9f9",
                "sha256:2a145888d0942e7c36e86a7b7c7e2923cb9f7055805a3b72dcb137e3efdb0979",
                "sha256:3f75065936e16569d6e13dfd76de988f5eabeae460aa54770c9b961ab6f747fc",
                "sha256:4d78124f5f281f1d5d5b7919cbbc65a7073ff93562def81ee78a8307e6e72494",
                "sha256:5ba4d088b8e5d59b8a5911ca9c72952acf3c83296b57daf75af92fb2af1e8423",
                "sha256:6b19daeda1d5d1dfc973b291246f6a63a663b20c33980724d6d073c562719536",
                "sha256:790c7dc80fd1c3e38acefe06027e2f5a8466c128c7e47c6e140fd5316132574d",
                "sha256:7f8c4e648881454ba3ba0bcf3b21a9e1878a67d20ea2b8d9ec1c4c628592ab6b",
                "sha256:8bcd3f597290f9902548d6355898d7e376e7f3762f89db9cd50b2b58429df9e8",
                "sha256:8ffb18f71972a5c718a8600d9f52e3507f0d6fb72a978e03270d34a7035c98fb",
                "sha256:92f025df1cb391e09f65775598c7dfb7efad72d74713775db54e267f62ca94a1",
                "sha256:93cf1c72472a2fd0ef4c52f6074dab08fc28d475b9c824ba73a52701f7a48ae1",
                "sha256:9a7fa692cdc967fdbf6a053c1975137d01f6935dede2ef222c71840b290caf79",
                "sha256:a68eb0c1375f2401de881692b30370a51e550052b8e346b2f71bbdbdc74a214f",
                "sha256:ac3b7a12ddd52ea910ee3a041e6bc65df7a52f0ba7bd10fb7123502af482c152",
                "sha256:b402b700edaf571a0bae18ec35d5b71c266873a6616412b672435c10b6d8f041",
                "sha256:c29d069a4a30f472482343c866f7486731ad638ef9af92bfe5fca9c7323d638e",
                "sha256:d822311498f185db449b687336b4e5db7638c8d8b03bdf10ae91d74e23c7cc0c",
                "sha256:dccc8df9e1ac158b06777bbaaeb4516f245f9b147701ae25e6023960e4a0c2a3",
                "sha256:e31f4b946c2765b2f35440fdb4b00c496dfc5babc53c7ae61966b41171d1d59f",
                "sha256:eb43f9e582cc221ee2832e25ea6fe5c06f2acc9da6353c562e922f107db12af8",
                "sha256:f07822248110fd6213db8bc2745fdbbccef6f2b3d18ac91a7fba29c6bc575da5",
                "sha256:ff69854f123b959d4ae14bd5330714bb9ee4360052992dc0fbd0a3dee4261f95"
            ],
            "version": "==0.29.13"
        },
        "dataset": {
            "hashes": [
                "sha256:52b085ae4f78d5b4789b0ac5f6779be1b205223117344db983ad392946642291",
                "sha256:d39d056099a5ddd0846d3b3dbac7d30c2a4a4648ee239aeb0985c657cfa10c26"
            ],
            "index": "pypi",
            "version": "==1.1.0"
        },
        "django": {
            "hashes": [
                "sha256:1a41831eace203fd1939edf899e07d7abd12ce9bafc3d9a5a63a24a8d1d12bd5",
                "sha256:305b6c4fce9e03bb746e35780c2c4d52f29ea1669f15633cfd41bc8821c74c76"
            ],
            "index": "pypi",
            "version": "==2.1.11"
        },
        "django-rest-framework": {
            "hashes": [
                "sha256:47a8f496fa69e3b6bd79f68dd7a1527d907d6b77f009e9db7cf9bb21cc565e4a"
            ],
            "index": "pypi",
            "version": "==0.1.0"
        },
        "djangorestframework": {
            "hashes": [
                "sha256:5488aed8f8df5ec1d70f04b2114abc52ae6729748a176c453313834a9ee179c8",
                "sha256:dc81cbf9775c6898a580f6f1f387c4777d12bd87abf0f5406018d32ccae71090"
            ],
            "version": "==3.10.3"
        },
        "elasticsearch": {
            "hashes": [
                "sha256:7546cc08e3899716e12fe67d12d7cfe9a64647014d1134b014c3c392b63cad42",
                "sha256:aada5cfdc4a543c47098eb3aca6663848ef5d04b4324935ced441debc11ec98b"
            ],
            "index": "pypi",
            "version": "==6.3.1"
        },
        "elasticsearch-dsl": {
            "hashes": [
                "sha256:794fc7e03fc580cf48c35c9491fa97f08afa1b9e897f9c59dfa285efb520d71c",
                "sha256:d0a5137caf43c2ecb69f7a867d52d40e557b3ba16c361dff74a07affe7101c38"
            ],
            "index": "pypi",
            "version": "==6.2.1"
        },
        "feedgen": {
            "hashes": [
                "sha256:82c9e29884e137c3e3e7959a02f142d1f7a46cd387d572e9e40150112a27604f"
            ],
            "index": "pypi",
            "version": "==0.7.0"
        },
        "gunicorn": {
            "hashes": [
                "sha256:aa8e0b40b4157b36a5df5e599f45c9c76d6af43845ba3b3b0efe2c70473c2471",
                "sha256:fa2662097c66f920f53f70621c6c58ca4a3c4d3434205e608e121b5b3b71f4f3"
            ],
            "index": "pypi",
            "version": "==19.9.0"
        },
        "idna": {
            "hashes": [
                "sha256:c357b3f628cf53ae2c4c05627ecc484553142ca23264e593d327bcde5e9c3407",
                "sha256:ea8b7f6188e6fa117537c3df7da9fc686d485087abf6ac197f9c46432f7e4a3c"
            ],
            "version": "==2.8"
        },
        "ipaddress": {
            "hashes": [
                "sha256:6e0f4a39e66cb5bb9a137b00276a2eff74f93b71dcbdad6f10ff7df9d3557fcc",
                "sha256:b7f8e0369580bb4a24d5ba1d7cc29660a4a6987763faf1d8a8046830e020e7e2"
            ],
            "version": "==1.0.23"
        },
        "itypes": {
            "hashes": [
                "sha256:c6e77bb9fd68a4bfeb9d958fea421802282451a25bac4913ec94db82a899c073"
            ],
            "version": "==1.1.0"
        },
        "jinja2": {
            "hashes": [
                "sha256:74320bb91f31270f9551d46522e33af46a80c3d619f4a4bf42b3164d30b5911f",
                "sha256:9fe95f19286cfefaa917656583d020be14e7859c6b0252588391e47db34527de"
            ],
            "version": "==2.10.3"
        },
        "lxml": {
            "hashes": [
                "sha256:02ca7bf899da57084041bb0f6095333e4d239948ad3169443f454add9f4e9cb4",
                "sha256:096b82c5e0ea27ce9138bcbb205313343ee66a6e132f25c5ed67e2c8d960a1bc",
                "sha256:0a920ff98cf1aac310470c644bc23b326402d3ef667ddafecb024e1713d485f1",
                "sha256:17cae1730a782858a6e2758fd20dd0ef7567916c47757b694a06ffafdec20046",
                "sha256:17e3950add54c882e032527795c625929613adbd2ce5162b94667334458b5a36",
                "sha256:1f4f214337f6ee5825bf90a65d04d70aab05526c08191ab888cb5149501923c5",
                "sha256:2e8f77db25b0a96af679e64ff9bf9dddb27d379c9900c3272f3041c4d1327c9d",
                "sha256:4dffd405390a45ecb95ab5ab1c1b847553c18b0ef8ed01e10c1c8b1a76452916",
                "sha256:6b899931a5648862c7b88c795eddff7588fb585e81cecce20f8d9da16eff96e0",
                "sha256:726c17f3e0d7a7200718c9a890ccfeab391c9133e363a577a44717c85c71db27",
                "sha256:760c12276fee05c36f95f8040180abc7fbebb9e5011447a97cdc289b5d6ab6fc",
                "sha256:796685d3969815a633827c818863ee199440696b0961e200b011d79b9394bbe7",
                "sha256:891fe897b49abb7db470c55664b198b1095e4943b9f82b7dcab317a19116cd38",
                "sha256:a471628e20f03dcdfde00770eeaf9c77811f0c331c8805219ca7b87ac17576c5",
                "sha256:a63b4fd3e2cabdcc9d918ed280bdde3e8e9641e04f3c59a2a3109644a07b9832",
                "sha256:b0b84408d4eabc6de9dd1e1e0bc63e7731e890c0b378a62443e5741cfd0ae90a",
                "sha256:be78485e5d5f3684e875dab60f40cddace2f5b2a8f7fede412358ab3214c3a6f",
                "sha256:c27eaed872185f047bb7f7da2d21a7d8913457678c9a100a50db6da890bc28b9",
                "sha256:c81cb40bff373ab7a7446d6bbca0190bccc5be3448b47b51d729e37799bb5692",
                "sha256:d11874b3c33ee441059464711cd365b89fa1a9cf19ae75b0c189b01fbf735b84",
                "sha256:e9c028b5897901361d81a4718d1db217b716424a0283afe9d6735fe0caf70f79",
                "sha256:fe489d486cd00b739be826e8c1be188ddb74c7a1ca784d93d06fda882a6a1681"
            ],
            "version": "==4.4.1"
        },
        "mako": {
            "hashes": [
                "sha256:a36919599a9b7dc5d86a7a8988f23a9a3a3d083070023bab23d64f7f1d1e0a4b"
            ],
            "version": "==1.1.0"
        },
        "markupsafe": {
            "hashes": [
                "sha256:00bc623926325b26bb9605ae9eae8a215691f33cae5df11ca5424f06f2d1f473",
                "sha256:09027a7803a62ca78792ad89403b1b7a73a01c8cb65909cd876f7fcebd79b161",
                "sha256:09c4b7f37d6c648cb13f9230d847adf22f8171b1ccc4d5682398e77f40309235",
                "sha256:1027c282dad077d0bae18be6794e6b6b8c91d58ed8a8d89a89d59693b9131db5",
                "sha256:24982cc2533820871eba85ba648cd53d8623687ff11cbb805be4ff7b4c971aff",
                "sha256:29872e92839765e546828bb7754a68c418d927cd064fd4708fab9fe9c8bb116b",
                "sha256:43a55c2930bbc139570ac2452adf3d70cdbb3cfe5912c71cdce1c2c6bbd9c5d1",
                "sha256:46c99d2de99945ec5cb54f23c8cd5689f6d7177305ebff350a58ce5f8de1669e",
                "sha256:500d4957e52ddc3351cabf489e79c91c17f6e0899158447047588650b5e69183",
                "sha256:535f6fc4d397c1563d08b88e485c3496cf5784e927af890fb3c3aac7f933ec66",
                "sha256:62fe6c95e3ec8a7fad637b7f3d372c15ec1caa01ab47926cfdf7a75b40e0eac1",
                "sha256:6dd73240d2af64df90aa7c4e7481e23825ea70af4b4922f8ede5b9e35f78a3b1",
                "sha256:717ba8fe3ae9cc0006d7c451f0bb265ee07739daf76355d06366154ee68d221e",
                "sha256:79855e1c5b8da654cf486b830bd42c06e8780cea587384cf6545b7d9ac013a0b",
                "sha256:7c1699dfe0cf8ff607dbdcc1e9b9af1755371f92a68f706051cc8c37d447c905",
                "sha256:88e5fcfb52ee7b911e8bb6d6aa2fd21fbecc674eadd44118a9cc3863f938e735",
                "sha256:8defac2f2ccd6805ebf65f5eeb132adcf2ab57aa11fdf4c0dd5169a004710e7d",
                "sha256:98c7086708b163d425c67c7a91bad6e466bb99d797aa64f965e9d25c12111a5e",
                "sha256:9add70b36c5666a2ed02b43b335fe19002ee5235efd4b8a89bfcf9005bebac0d",
                "sha256:9bf40443012702a1d2070043cb6291650a0841ece432556f784f004937f0f32c",
                "sha256:ade5e387d2ad0d7ebf59146cc00c8044acbd863725f887353a10df825fc8ae21",
                "sha256:b00c1de48212e4cc9603895652c5c410df699856a2853135b3967591e4beebc2",
                "sha256:b1282f8c00509d99fef04d8ba936b156d419be841854fe901d8ae224c59f0be5",
                "sha256:b2051432115498d3562c084a49bba65d97cf251f5a331c64a12ee7e04dacc51b",
                "sha256:ba59edeaa2fc6114428f1637ffff42da1e311e29382d81b339c1817d37ec93c6",
                "sha256:c8716a48d94b06bb3b2524c2b77e055fb313aeb4ea620c8dd03a105574ba704f",
                "sha256:cd5df75523866410809ca100dc9681e301e3c27567cf498077e8551b6d20e42f",
                "sha256:e249096428b3ae81b08327a63a485ad0878de3fb939049038579ac0ef61e17e7"
            ],
            "version": "==1.1.1"
        },
        "normality": {
            "hashes": [
                "sha256:7998d4b7fcc339e342611377a6b5aaf74107b01e353c505978479a88bd9b9f3c",
                "sha256:da962d8bae4de9d9bbca8bb05b380944a3514e56e16eae884efaa0d74728d9b2"
            ],
            "version": "==2.0.0"
        },
        "pdflib": {
            "hashes": [
                "sha256:19ca4a10ce6120470afb109c735955272e3d19d096bd402fe14c464d9bebe102",
                "sha256:2f302effb2829a5f7e159a042d4dc1dc73800715a819dc3e8263361a0e784930",
                "sha256:69b477aac63fcbb519aee44feb58ac96f3811cb9cae1bfc1efceeaba81e06fa3",
                "sha256:a65cef22e281e4adf1b7d6ffaaf18567741d2eb7555cae4cfc2bc592d143cd09",
                "sha256:b06e5db3ccd53c25dcb2957146a0fcfa38e554557b86a2df5e21ef48bddbaf30",
                "sha256:b8f7b33a6b95b785ed04d4ec8705d8b9bc99d1b4649ecfdec247820dd7b50754",
                "sha256:cd31a0279a44a0f8dd56db4778c254fd21a295192b416439cdc320edf0db4d5d",
                "sha256:d53e6557471d32510bb25fb33b03311ad9a4cb2c4e70ba585728bad36a13d025",
                "sha256:f6e46d1631db656feb884461878777cf2479a44be6ff090f4c3595d88670186c"
            ],
            "index": "pypi",
            "version": "==0.1.7"
        },
        "pdfrw": {
            "hashes": [
                "sha256:0dc0494a0e6561b268542b28ede2280387c2728114f117d3bb5d8e4787b93ef4",
                "sha256:758289edaa3b672e9a1a67504be73c18ec668d4e5b9d5ac9cbc0dc753d8d196b"
            ],
            "index": "pypi",
            "version": "==0.4"
        },
        "pypdf2": {
            "hashes": [
                "sha256:e28f902f2f0a1603ea95ebe21dff311ef09be3d0f0ef29a3e44a932729564385"
            ],
            "index": "pypi",
            "version": "==1.26.0"
        },
        "python-dateutil": {
            "hashes": [
                "sha256:7e6584c74aeed623791615e26efd690f29817a27c73085b78e4bad02493df2fb",
                "sha256:c89805f6f4d64db21ed966fda138f8a5ed7a4fdbc1a8ee329ce1b74e3c74da9e"
            ],
            "version": "==2.8.0"
        },
        "python-editor": {
            "hashes": [
                "sha256:1bf6e860a8ad52a14c3ee1252d5dc25b2030618ed80c022598f00176adc8367d",
                "sha256:51fda6bcc5ddbbb7063b2af7509e43bd84bfc32a4ff71349ec7847713882327b",
                "sha256:5f98b069316ea1c2ed3f67e7f5df6c0d8f10b689964a4a811ff64f0106819ec8"
            ],
            "version": "==1.0.4"
        },
        "pytz": {
            "hashes": [
                "sha256:1c557d7d0e871de1f5ccd5833f60fb2550652da6be2693c1e02300743d21500d",
                "sha256:b02c06db6cf09c12dd25137e563b31700d3b80fcc4ad23abb7a315f2789819be"
            ],
            "version": "==2019.3"
        },
        "pyyaml": {
            "hashes": [
                "sha256:3d7da3009c0f3e783b2c873687652d83b1bbfd5c88e9813fb7e5b03c0dd3108b",
                "sha256:3ef3092145e9b70e3ddd2c7ad59bdd0252a94dfe3949721633e41344de00a6bf",
                "sha256:40c71b8e076d0550b2e6380bada1f1cd1017b882f7e16f09a65be98e017f211a",
                "sha256:558dd60b890ba8fd982e05941927a3911dc409a63dcb8b634feaa0cda69330d3",
                "sha256:a7c28b45d9f99102fa092bb213aa12e0aaf9a6a1f5e395d36166639c1f96c3a1",
                "sha256:aa7dd4a6a427aed7df6fb7f08a580d68d9b118d90310374716ae90b710280af1",
                "sha256:bc558586e6045763782014934bfaf39d48b8ae85a2713117d16c39864085c613",
                "sha256:d46d7982b62e0729ad0175a9bc7e10a566fc07b224d2c79fafb5e032727eaa04",
                "sha256:d5eef459e30b09f5a098b9cea68bebfeb268697f78d647bd255a085371ac7f3f",
                "sha256:e01d3203230e1786cd91ccfdc8f8454c8069c91bee3962ad93b87a4b2860f537",
                "sha256:e170a9e6fcfd19021dd29845af83bb79236068bf5fd4df3327c1be18182b2531"
            ],
            "index": "pypi",
            "version": "==3.13"
        },
        "raven": {
            "hashes": [
                "sha256:3fd787d19ebb49919268f06f19310e8112d619ef364f7989246fc8753d469888",
                "sha256:95f44f3ea2c1b176d5450df4becdb96c15bf2632888f9ab193e9dd22300ce46a"
            ],
            "index": "pypi",
            "version": "==6.9.0"
        },
        "requests": {
            "hashes": [
                "sha256:11e007a8a2aa0323f5a921e9e6a2d7e4e67d9877e85773fba9ba6419025cbeb4",
                "sha256:9cf5292fcd0f598c671cfc1e0d7d1a7f13bb8085e9a590f48c010551dc6c4b31"
            ],
            "version": "==2.22.0"
        },
        "six": {
            "hashes": [
                "sha256:3350809f0555b11f552448330d0b52d5f24c91a322ea4a15ef22629740f3761c",
                "sha256:d16a0141ec1a18405cd4ce8b4613101da75da0e9a7aec5bdd4fa804d0e0eba73"
            ],
            "version": "==1.12.0"
        },
        "sqlalchemy": {
            "hashes": [
                "sha256:0f0768b5db594517e1f5e1572c73d14cf295140756431270d89496dc13d5e46c"
            ],
            "version": "==1.3.10"
        },
        "text-unidecode": {
            "hashes": [
                "sha256:1311f10e8b895935241623731c2ba64f4c455287888b18189350b67134a822e8",
                "sha256:bad6603bb14d279193107714b288be206cac565dfa49aa5b105294dd5c4aab93"
            ],
            "version": "==1.3"
        },
        "uritemplate": {
            "hashes": [
                "sha256:01c69f4fe8ed503b2951bef85d996a9d22434d2431584b5b107b2981ff416fbd",
                "sha256:1b9c467a940ce9fb9f50df819e8ddd14696f89b9a8cc87ac77952ba416e0a8fd",
                "sha256:c02643cebe23fc8adb5e6becffe201185bf06c40bda5c0b4028a93f1527d011d"
            ],
            "version": "==3.0.0"
        },
        "urllib3": {
            "hashes": [
                "sha256:3de946ffbed6e6746608990594d08faac602528ac7015ac28d33cee6a45b7398",
                "sha256:9a107b99a5393caf59c7aa3c1249c16e6879447533d0887f4336dde834c7be86"
            ],
            "version": "==1.25.6"
        }
    },
    "develop": {
        "astroid": {
            "hashes": [
                "sha256:09a3fba616519311f1af8a461f804b68f0370e100c9264a035aa7846d7852e33",
                "sha256:5a79c9b4bd6c4be777424593f957c996e20beb5f74e0bc332f47713c6f675efe"
            ],
            "version": "==2.3.2"
        },
        "backcall": {
            "hashes": [
                "sha256:38ecd85be2c1e78f77fd91700c76e14667dc21e2713b63876c0eb901196e01e4",
                "sha256:bbbf4b1e5cd2bdb08f915895b51081c041bac22394fdfcfdfbe9f14b77c08bf2"
            ],
            "version": "==0.1.0"
        },
        "decorator": {
            "hashes": [
                "sha256:86156361c50488b84a3f148056ea716ca587df2f0de1d34750d35c21312725de",
                "sha256:f069f3a01830ca754ba5258fde2278454a0b5b79e0d7f5c13b3b97e57d4acff6"
            ],
            "version": "==4.4.0"
        },
        "ipdb": {
            "hashes": [
                "sha256:7081c65ed7bfe7737f83fa4213ca8afd9617b42ff6b3f1daf9a3419839a2a00a"
            ],
            "index": "pypi",
            "version": "==0.11"
        },
        "ipython": {
            "hashes": [
                "sha256:c4ab005921641e40a68e405e286e7a1fcc464497e14d81b6914b4fd95e5dee9b",
                "sha256:dd76831f065f17bddd7eaa5c781f5ea32de5ef217592cf019e34043b56895aa1"
            ],
            "version": "==7.8.0"
        },
        "ipython-genutils": {
            "hashes": [
                "sha256:72dd37233799e619666c9f639a9da83c34013a73e8bbc79a7a6348d93c61fab8",
                "sha256:eb2e116e75ecef9d4d228fdc66af54269afa26ab4463042e33785b887c628ba8"
            ],
            "version": "==0.2.0"
        },
        "isort": {
            "hashes": [
                "sha256:54da7e92468955c4fceacd0c86bd0ec997b0e1ee80d97f67c35a78b719dccab1",
                "sha256:6e811fcb295968434526407adb8796944f1988c5b65e8139058f2014cbe100fd"
            ],
            "version": "==4.3.21"
        },
        "jedi": {
            "hashes": [
                "sha256:786b6c3d80e2f06fd77162a07fed81b8baa22dde5d62896a790a331d6ac21a27",
                "sha256:ba859c74fa3c966a22f2aeebe1b74ee27e2a462f56d3f5f7ca4a59af61bfe42e"
            ],
            "version": "==0.15.1"
        },
        "lazy-object-proxy": {
            "hashes": [
                "sha256:02b260c8deb80db09325b99edf62ae344ce9bc64d68b7a634410b8e9a568edbf",
                "sha256:18f9c401083a4ba6e162355873f906315332ea7035803d0fd8166051e3d402e3",
                "sha256:1f2c6209a8917c525c1e2b55a716135ca4658a3042b5122d4e3413a4030c26ce",
                "sha256:2f06d97f0ca0f414f6b707c974aaf8829c2292c1c497642f63824119d770226f",
                "sha256:616c94f8176808f4018b39f9638080ed86f96b55370b5a9463b2ee5c926f6c5f",
                "sha256:63b91e30ef47ef68a30f0c3c278fbfe9822319c15f34b7538a829515b84ca2a0",
                "sha256:77b454f03860b844f758c5d5c6e5f18d27de899a3db367f4af06bec2e6013a8e",
                "sha256:83fe27ba321e4cfac466178606147d3c0aa18e8087507caec78ed5a966a64905",
                "sha256:84742532d39f72df959d237912344d8a1764c2d03fe58beba96a87bfa11a76d8",
                "sha256:874ebf3caaf55a020aeb08acead813baf5a305927a71ce88c9377970fe7ad3c2",
                "sha256:9f5caf2c7436d44f3cec97c2fa7791f8a675170badbfa86e1992ca1b84c37009",
                "sha256:a0c8758d01fcdfe7ae8e4b4017b13552efa7f1197dd7358dc9da0576f9d0328a",
                "sha256:a4def978d9d28cda2d960c279318d46b327632686d82b4917516c36d4c274512",
                "sha256:ad4f4be843dace866af5fc142509e9b9817ca0c59342fdb176ab6ad552c927f5",
                "sha256:ae33dd198f772f714420c5ab698ff05ff900150486c648d29951e9c70694338e",
                "sha256:b4a2b782b8a8c5522ad35c93e04d60e2ba7f7dcb9271ec8e8c3e08239be6c7b4",
                "sha256:c462eb33f6abca3b34cdedbe84d761f31a60b814e173b98ede3c81bb48967c4f",
                "sha256:fd135b8d35dfdcdb984828c84d695937e58cc5f49e1c854eb311c4d6aa03f4f1"
            ],
            "version": "==1.4.2"
        },
        "mccabe": {
            "hashes": [
                "sha256:ab8a6258860da4b6677da4bd2fe5dc2c659cff31b3ee4f7f5d64e79735b80d42",
                "sha256:dd8d182285a0fe56bace7f45b5e7d1a6ebcbf524e8f3bd87eb0f125271b8831f"
            ],
            "version": "==0.6.1"
        },
        "parso": {
            "hashes": [
                "sha256:63854233e1fadb5da97f2744b6b24346d2750b85965e7e399bec1620232797dc",
                "sha256:666b0ee4a7a1220f65d367617f2cd3ffddff3e205f3f16a0284df30e774c2a9c"
            ],
            "version": "==0.5.1"
        },
        "pexpect": {
            "hashes": [
                "sha256:2094eefdfcf37a1fdbfb9aa090862c1a4878e5c7e0e7e7088bdb511c558e5cd1",
                "sha256:9e2c1fd0e6ee3a49b28f95d4b33bc389c89b20af6a1255906e90ff1262ce62eb"
            ],
            "markers": "sys_platform != 'win32'",
            "version": "==4.7.0"
        },
        "pickleshare": {
            "hashes": [
                "sha256:87683d47965c1da65cdacaf31c8441d12b8044cdec9aca500cd78fc2c683afca",
                "sha256:9649af414d74d4df115d5d718f82acb59c9d418196b7b4290ed47a12ce62df56"
            ],
            "version": "==0.7.5"
        },
        "prompt-toolkit": {
            "hashes": [
                "sha256:46642344ce457641f28fc9d1c9ca939b63dadf8df128b86f1b9860e59c73a5e4",
                "sha256:e7f8af9e3d70f514373bf41aa51bc33af12a6db3f71461ea47fea985defb2c31",
                "sha256:f15af68f66e664eaa559d4ac8a928111eebd5feda0c11738b5998045224829db"
            ],
            "version": "==2.0.10"
        },
        "ptyprocess": {
            "hashes": [
                "sha256:923f299cc5ad920c68f2bc0bc98b75b9f838b93b599941a6b63ddbc2476394c0",
                "sha256:d7cc528d76e76342423ca640335bd3633420dc1366f258cb31d05e865ef5ca1f"
            ],
            "version": "==0.6.0"
        },
        "pygments": {
            "hashes": [
                "sha256:71e430bc85c88a430f000ac1d9b331d2407f681d6f6aec95e8bcfbc3df5b0127",
                "sha256:881c4c157e45f30af185c1ffe8d549d48ac9127433f2c380c24b84572ad66297"
            ],
            "version": "==2.4.2"
        },
        "pylint": {
            "hashes": [
                "sha256:689de29ae747642ab230c6d37be2b969bf75663176658851f456619aacf27492",
                "sha256:771467c434d0d9f081741fec1d64dfb011ed26e65e12a28fe06ca2f61c4d556c"
            ],
            "index": "pypi",
            "version": "==2.2.2"
        },
        "six": {
            "hashes": [
                "sha256:3350809f0555b11f552448330d0b52d5f24c91a322ea4a15ef22629740f3761c",
                "sha256:d16a0141ec1a18405cd4ce8b4613101da75da0e9a7aec5bdd4fa804d0e0eba73"
            ],
            "version": "==1.12.0"
        },
        "traitlets": {
            "hashes": [
                "sha256:70b4c6a1d9019d7b4f6846832288f86998aa3b9207c6821f3578a6a6a467fe44",
                "sha256:d023ee369ddd2763310e4c3eae1ff649689440d4ae59d7485eb4cfbbe3e359f7"
            ],
            "version": "==4.3.3"
        },
        "typed-ast": {
            "hashes": [
                "sha256:1170afa46a3799e18b4c977777ce137bb53c7485379d9706af8a59f2ea1aa161",
                "sha256:18511a0b3e7922276346bcb47e2ef9f38fb90fd31cb9223eed42c85d1312344e",
                "sha256:262c247a82d005e43b5b7f69aff746370538e176131c32dda9cb0f324d27141e",
                "sha256:2b907eb046d049bcd9892e3076c7a6456c93a25bebfe554e931620c90e6a25b0",
                "sha256:354c16e5babd09f5cb0ee000d54cfa38401d8b8891eefa878ac772f827181a3c",
                "sha256:48e5b1e71f25cfdef98b013263a88d7145879fbb2d5185f2a0c79fa7ebbeae47",
                "sha256:4e0b70c6fc4d010f8107726af5fd37921b666f5b31d9331f0bd24ad9a088e631",
                "sha256:630968c5cdee51a11c05a30453f8cd65e0cc1d2ad0d9192819df9978984529f4",
                "sha256:66480f95b8167c9c5c5c87f32cf437d585937970f3fc24386f313a4c97b44e34",
                "sha256:71211d26ffd12d63a83e079ff258ac9d56a1376a25bc80b1cdcdf601b855b90b",
                "sha256:7954560051331d003b4e2b3eb822d9dd2e376fa4f6d98fee32f452f52dd6ebb2",
                "sha256:838997f4310012cf2e1ad3803bce2f3402e9ffb71ded61b5ee22617b3a7f6b6e",
                "sha256:95bd11af7eafc16e829af2d3df510cecfd4387f6453355188342c3e79a2ec87a",
                "sha256:bc6c7d3fa1325a0c6613512a093bc2a2a15aeec350451cbdf9e1d4bffe3e3233",
                "sha256:cc34a6f5b426748a507dd5d1de4c1978f2eb5626d51326e43280941206c209e1",
                "sha256:d755f03c1e4a51e9b24d899561fec4ccaf51f210d52abdf8c07ee2849b212a36",
                "sha256:d7c45933b1bdfaf9f36c579671fec15d25b06c8398f113dab64c18ed1adda01d",
                "sha256:d896919306dd0aa22d0132f62a1b78d11aaf4c9fc5b3410d3c666b818191630a",
                "sha256:fdc1c9bbf79510b76408840e009ed65958feba92a88833cdceecff93ae8fff66",
                "sha256:ffde2fbfad571af120fcbfbbc61c72469e72f550d676c3342492a9dfdefb8f12"
            ],
            "markers": "implementation_name == 'cpython' and python_version < '3.8'",
            "version": "==1.4.0"
        },
        "wcwidth": {
            "hashes": [
                "sha256:3df37372226d6e63e1b1e1eda15c594bca98a22d33a23832a90998faa96bc65e",
                "sha256:f4ebe71925af7b40a864553f761ed559b43544f8f71746c2d756c7fe788ade7c"
            ],
            "version": "==0.1.7"
        },
        "wrapt": {
            "hashes": [
                "sha256:565a021fd19419476b9362b05eeaa094178de64f8361e44468f9e9d7843901e1"
            ],
            "version": "==1.11.2"
        }
    }
}
